// !$*UTF8*$!
{
	archiveVersion = 1;
	classes = {
	};
	objectVersion = 50;
	objects = {

/* Begin PBXBuildFile section */
		FB15F276234FCAF0002F1BE3 /* AppDelegate.swift in Sources */ = {isa = PBXBuildFile; fileRef = FB15F275234FCAF0002F1BE3 /* AppDelegate.swift */; };
		FB15F278234FCAF0002F1BE3 /* SceneDelegate.swift in Sources */ = {isa = PBXBuildFile; fileRef = FB15F277234FCAF0002F1BE3 /* SceneDelegate.swift */; };
		FB15F27A234FCAF0002F1BE3 /* ContentView.swift in Sources */ = {isa = PBXBuildFile; fileRef = FB15F279234FCAF0002F1BE3 /* ContentView.swift */; };
		FB15F27C234FCAF1002F1BE3 /* Assets.xcassets in Resources */ = {isa = PBXBuildFile; fileRef = FB15F27B234FCAF1002F1BE3 /* Assets.xcassets */; };
		FB15F27F234FCAF1002F1BE3 /* Preview Assets.xcassets in Resources */ = {isa = PBXBuildFile; fileRef = FB15F27E234FCAF1002F1BE3 /* Preview Assets.xcassets */; };
		FB15F282234FCAF1002F1BE3 /* LaunchScreen.storyboard in Resources */ = {isa = PBXBuildFile; fileRef = FB15F280234FCAF1002F1BE3 /* LaunchScreen.storyboard */; };
/* End PBXBuildFile section */

/* Begin PBXFileReference section */
		FB15F272234FCAF0002F1BE3 /* AlagozCard.app */ = {isa = PBXFileReference; explicitFileType = wrapper.application; includeInIndex = 0; path = AlagozCard.app; sourceTree = BUILT_PRODUCTS_DIR; };
		FB15F275234FCAF0002F1BE3 /* AppDelegate.swift */ = {isa = PBXFileReference; lastKnownFileType = sourcecode.swift; path = AppDelegate.swift; sourceTree = "<group>"; };
		FB15F277234FCAF0002F1BE3 /* SceneDelegate.swift */ = {isa = PBXFileReference; lastKnownFileType = sourcecode.swift; path = SceneDelegate.swift; sourceTree = "<group>"; };
		FB15F279234FCAF0002F1BE3 /* ContentView.swift */ = {isa = PBXFileReference; lastKnownFileType = sourcecode.swift; path = ContentView.swift; sourceTree = "<group>"; };
		FB15F27B234FCAF1002F1BE3 /* Assets.xcassets */ = {isa = PBXFileReference; lastKnownFileType = folder.assetcatalog; path = Assets.xcassets; sourceTree = "<group>"; };
		FB15F27E234FCAF1002F1BE3 /* Preview Assets.xcassets */ = {isa = PBXFileReference; lastKnownFileType = folder.assetcatalog; path = "Preview Assets.xcassets"; sourceTree = "<group>"; };
		FB15F281234FCAF1002F1BE3 /* Base */ = {isa = PBXFileReference; lastKnownFileType = file.storyboard; name = Base; path = Base.lproj/LaunchScreen.storyboard; sourceTree = "<group>"; };
		FB15F283234FCAF1002F1BE3 /* Info.plist */ = {isa = PBXFileReference; lastKnownFileType = text.plist.xml; path = Info.plist; sourceTree = "<group>"; };
/* End PBXFileReference section */

/* Begin PBXFrameworksBuildPhase section */
		FB15F26F234FCAF0002F1BE3 /* Frameworks */ = {
			isa = PBXFrameworksBuildPhase;
			buildActionMask = 2147483647;
			files = (
			);
			runOnlyForDeploymentPostprocessing = 0;
		};
/* End PBXFrameworksBuildPhase section */

/* Begin PBXGroup section */
		FB15F269234FCAF0002F1BE3 = {
			isa = PBXGroup;
			children = (
				FB15F274234FCAF0002F1BE3 /* AlagozCard */,
				FB15F273234FCAF0002F1BE3 /* Products */,
			);
			sourceTree = "<group>";
		};
		FB15F273234FCAF0002F1BE3 /* Products */ = {
			isa = PBXGroup;
			children = (
				FB15F272234FCAF0002F1BE3 /* AlagozCard.app */,
			);
			name = Products;
			sourceTree = "<group>";
		};
		FB15F274234FCAF0002F1BE3 /* AlagozCard */ = {
			isa = PBXGroup;
			children = (
				FB15F275234FCAF0002F1BE3 /* AppDelegate.swift */,
				FB15F277234FCAF0002F1BE3 /* SceneDelegate.swift */,
				FB15F279234FCAF0002F1BE3 /* ContentView.swift */,
				FB15F27B234FCAF1002F1BE3 /* Assets.xcassets */,
				FB15F280234FCAF1002F1BE3 /* LaunchScreen.storyboard */,
				FB15F283234FCAF1002F1BE3 /* Info.plist */,
				FB15F27D234FCAF1002F1BE3 /* Preview Content */,
			);
			path = AlagozCard;
			sourceTree = "<group>";
		};
		FB15F27D234FCAF1002F1BE3 /* Preview Content */ = {
			isa = PBXGroup;
			children = (
				FB15F27E234FCAF1002F1BE3 /* Preview Assets.xcassets */,
			);
			path = "Preview Content";
			sourceTree = "<group>";
		};
/* End PBXGroup section */

/* Begin PBXNativeTarget section */
		FB15F271234FCAF0002F1BE3 /* AlagozCard */ = {
			isa = PBXNativeTarget;
			buildConfigurationList = FB15F286234FCAF1002F1BE3 /* Build configuration list for PBXNativeTarget "AlagozCard" */;
			buildPhases = (
				FB15F26E234FCAF0002F1BE3 /* Sources */,
				FB15F26F234FCAF0002F1BE3 /* Frameworks */,
				FB15F270234FCAF0002F1BE3 /* Resources */,
			);
			buildRules = (
			);
			dependencies = (
			);
			name = AlagozCard;
			productName = AlagozCard;
			productReference = FB15F272234FCAF0002F1BE3 /* AlagozCard.app */;
			productType = "com.apple.product-type.application";
		};
/* End PBXNativeTarget section */

/* Begin PBXProject section */
		FB15F26A234FCAF0002F1BE3 /* Project object */ = {
			isa = PBXProject;
			attributes = {
				LastSwiftUpdateCheck = 1100;
				LastUpgradeCheck = 1100;
				ORGANIZATIONNAME = alagozsoftware;
				TargetAttributes = {
					FB15F271234FCAF0002F1BE3 = {
						CreatedOnToolsVersion = 11.0;
					};
				};
			};
			buildConfigurationList = FB15F26D234FCAF0002F1BE3 /* Build configuration list for PBXProject "AlagozCard" */;
			compatibilityVersion = "Xcode 9.3";
			developmentRegion = en;
			hasScannedForEncodings = 0;
			knownRegions = (
				en,
				Base,
			);
			mainGroup = FB15F269234FCAF0002F1BE3;
			productRefGroup = FB15F273234FCAF0002F1BE3 /* Products */;
			projectDirPath = "";
			projectRoot = "";
			targets = (
				FB15F271234FCAF0002F1BE3 /* AlagozCard */,
			);
		};
/* End PBXProject section */

/* Begin PBXResourcesBuildPhase section */
		FB15F270234FCAF0002F1BE3 /* Resources */ = {
			isa = PBXResourcesBuildPhase;
			buildActionMask = 2147483647;
			files = (
				FB15F282234FCAF1002F1BE3 /* LaunchScreen.storyboard in Resources */,
				FB15F27F234FCAF1002F1BE3 /* Preview Assets.xcassets in Resources */,
				FB15F27C234FCAF1002F1BE3 /* Assets.xcassets in Resources */,
			);
			runOnlyForDeploymentPostprocessing = 0;
		};
/* End PBXResourcesBuildPhase section */

/* Begin PBXSourcesBuildPhase section */
		FB15F26E234FCAF0002F1BE3 /* Sources */ = {
			isa = PBXSourcesBuildPhase;
			buildActionMask = 2147483647;
			files = (
				FB15F276234FCAF0002F1BE3 /* AppDelegate.swift in Sources */,
				FB15F278234FCAF0002F1BE3 /* SceneDelegate.swift in Sources */,
				FB15F27A234FCAF0002F1BE3 /* ContentView.swift in Sources */,
			);
			runOnlyForDeploymentPostprocessing = 0;
		};
/* End PBXSourcesBuildPhase section */

/* Begin PBXVariantGroup section */
		FB15F280234FCAF1002F1BE3 /* LaunchScreen.storyboard */ = {
			isa = PBXVariantGroup;
			children = (
				FB15F281234FCAF1002F1BE3 /* Base */,
			);
			name = LaunchScreen.storyboard;
			sourceTree = "<group>";
		};
/* End PBXVariantGroup section */

/* Begin XCBuildConfiguration section */
		FB15F284234FCAF1002F1BE3 /* Debug */ = {
			isa = XCBuildConfiguration;
			buildSettings = {
				ALWAYS_SEARCH_USER_PATHS = NO;
				CLANG_ANALYZER_NONNULL = YES;
				CLANG_ANALYZER_NUMBER_OBJECT_CONVERSION = YES_AGGRESSIVE;
				CLANG_CXX_LANGUAGE_STANDARD = "gnu++14";
				CLANG_CXX_LIBRARY = "libc++";
				CLANG_ENABLE_MODULES = YES;
				CLANG_ENABLE_OBJC_ARC = YES;
				CLANG_ENABLE_OBJC_WEAK = YES;
				CLANG_WARN_BLOCK_CAPTURE_AUTORELEASING = YES;
				CLANG_WARN_BOOL_CONVERSION = YES;
				CLANG_WARN_COMMA = YES;
				CLANG_WARN_CONSTANT_CONVERSION = YES;
				CLANG_WARN_DEPRECATED_OBJC_IMPLEMENTATIONS = YES;
				CLANG_WARN_DIRECT_OBJC_ISA_USAGE = YES_ERROR;
				CLANG_WARN_DOCUMENTATION_COMMENTS = YES;
				CLANG_WARN_EMPTY_BODY = YES;
				CLANG_WARN_ENUM_CONVERSION = YES;
				CLANG_WARN_INFINITE_RECURSION = YES;
				CLANG_WARN_INT_CONVERSION = YES;
				CLANG_WARN_NON_LITERAL_NULL_CONVERSION = YES;
				CLANG_WARN_OBJC_IMPLICIT_RETAIN_SELF = YES;
				CLANG_WARN_OBJC_LITERAL_CONVERSION = YES;
				CLANG_WARN_OBJC_ROOT_CLASS = YES_ERROR;
				CLANG_WARN_RANGE_LOOP_ANALYSIS = YES;
				CLANG_WARN_STRICT_PROTOTYPES = YES;
				CLANG_WARN_SUSPICIOUS_MOVE = YES;
				CLANG_WARN_UNGUARDED_AVAILABILITY = YES_AGGRESSIVE;
				CLANG_WARN_UNREACHABLE_CODE = YES;
				CLANG_WARN__DUPLICATE_METHOD_MATCH = YES;
				COPY_PHASE_STRIP = NO;
				DEBUG_INFORMATION_FORMAT = dwarf;
				ENABLE_STRICT_OBJC_MSGSEND = YES;
				ENABLE_TESTABILITY = YES;
				GCC_C_LANGUAGE_STANDARD = gnu11;
				GCC_DYNAMIC_NO_PIC = NO;
				GCC_NO_COMMON_BLOCKS = YES;
				GCC_OPTIMIZATION_LEVEL = 0;
				GCC_PREPROCESSOR_DEFINITIONS = (
					"DEBUG=1",
					"$(inherited)",
				);
				GCC_WARN_64_TO_32_BIT_CONVERSION = YES;
				GCC_WARN_ABOUT_RETURN_TYPE = YES_ERROR;
				GCC_WARN_UNDECLARED_SELECTOR = YES;
				GCC_WARN_UNINITIALIZED_AUTOS = YES_AGGRESSIVE;
				GCC_WARN_UNUSED_FUNCTION = YES;
				GCC_WARN_UNUSED_VARIABLE = YES;
				IPHONEOS_DEPLOYMENT_TARGET = 13.0;
				MTL_ENABLE_DEBUG_INFO = INCLUDE_SOURCE;
				MTL_FAST_MATH = YES;
				ONLY_ACTIVE_ARCH = YES;
				SDKROOT = iphoneos;
				SWIFT_ACTIVE_COMPILATION_CONDITIONS = DEBUG;
				SWIFT_OPTIMIZATION_LEVEL = "-Onone";
			};
			name = Debug;
		};
		FB15F285234FCAF1002F1BE3 /* Release */ = {
			isa = XCBuildConfiguration;
			buildSettings = {
				ALWAYS_SEARCH_USER_PATHS = NO;
				CLANG_ANALYZER_NONNULL = YES;
				CLANG_ANALYZER_NUMBER_OBJECT_CONVERSION = YES_AGGRESSIVE;
				CLANG_CXX_LANGUAGE_STANDARD = "gnu++14";
				CLANG_CXX_LIBRARY = "libc++";
				CLANG_ENABLE_MODULES = YES;
				CLANG_ENABLE_OBJC_ARC = YES;
				CLANG_ENABLE_OBJC_WEAK = YES;
				CLANG_WARN_BLOCK_CAPTURE_AUTORELEASING = YES;
				CLANG_WARN_BOOL_CONVERSION = YES;
				CLANG_WARN_COMMA = YES;
				CLANG_WARN_CONSTANT_CONVERSION = YES;
				CLANG_WARN_DEPRECATED_OBJC_IMPLEMENTATIONS = YES;
				CLANG_WARN_DIRECT_OBJC_ISA_USAGE = YES_ERROR;
				CLANG_WARN_DOCUMENTATION_COMMENTS = YES;
				CLANG_WARN_EMPTY_BODY = YES;
				CLANG_WARN_ENUM_CONVERSION = YES;
				CLANG_WARN_INFINITE_RECURSION = YES;
				CLANG_WARN_INT_CONVERSION = YES;
				CLANG_WARN_NON_LITERAL_NULL_CONVERSION = YES;
				CLANG_WARN_OBJC_IMPLICIT_RETAIN_SELF = YES;
				CLANG_WARN_OBJC_LITERAL_CONVERSION = YES;
				CLANG_WARN_OBJC_ROOT_CLASS = YES_ERROR;
				CLANG_WARN_RANGE_LOOP_ANALYSIS = YES;
				CLANG_WARN_STRICT_PROTOTYPES = YES;
				CLANG_WARN_SUSPICIOUS_MOVE = YES;
				CLANG_WARN_UNGUARDED_AVAILABILITY = YES_AGGRESSIVE;
				CLANG_WARN_UNREACHABLE_CODE = YES;
				CLANG_WARN__DUPLICATE_METHOD_MATCH = YES;
				COPY_PHASE_STRIP = NO;
				DEBUG_INFORMATION_FORMAT = "dwarf-with-dsym";
				ENABLE_NS_ASSERTIONS = NO;
				ENABLE_STRICT_OBJC_MSGSEND = YES;
				GCC_C_LANGUAGE_STANDARD = gnu11;
				GCC_NO_COMMON_BLOCKS = YES;
				GCC_WARN_64_TO_32_BIT_CONVERSION = YES;
				GCC_WARN_ABOUT_RETURN_TYPE = YES_ERROR;
				GCC_WARN_UNDECLARED_SELECTOR = YES;
				GCC_WARN_UNINITIALIZED_AUTOS = YES_AGGRESSIVE;
				GCC_WARN_UNUSED_FUNCTION = YES;
				GCC_WARN_UNUSED_VARIABLE = YES;
				IPHONEOS_DEPLOYMENT_TARGET = 13.0;
				MTL_ENABLE_DEBUG_INFO = NO;
				MTL_FAST_MATH = YES;
				SDKROOT = iphoneos;
				SWIFT_COMPILATION_MODE = wholemodule;
				SWIFT_OPTIMIZATION_LEVEL = "-O";
				VALIDATE_PRODUCT = YES;
			};
			name = Release;
		};
		FB15F287234FCAF1002F1BE3 /* Debug */ = {
			isa = XCBuildConfiguration;
			buildSettings = {
				ASSETCATALOG_COMPILER_APPICON_NAME = AppIcon;
				CODE_SIGN_STYLE = Automatic;
				DEVELOPMENT_ASSET_PATHS = "\"AlagozCard/Preview Content\"";
				DEVELOPMENT_TEAM = QZHTVJPM43;
				ENABLE_PREVIEWS = YES;
				INFOPLIST_FILE = AlagozCard/Info.plist;
				LD_RUNPATH_SEARCH_PATHS = (
					"$(inherited)",
					"@executable_path/Frameworks",
				);
				PRODUCT_BUNDLE_IDENTIFIER = alagozsoftware.AlagozCard;
				PRODUCT_NAME = "$(TARGET_NAME)";
				SWIFT_VERSION = 5.0;
				TARGETED_DEVICE_FAMILY = "1,2";
			};
			name = Debug;
		};
		FB15F288234FCAF1002F1BE3 /* Release */ = {
			isa = XCBuildConfiguration;
			buildSettings = {
				ASSETCATALOG_COMPILER_APPICON_NAME = AppIcon;
				CODE_SIGN_STYLE = Automatic;
				DEVELOPMENT_ASSET_PATHS = "\"AlagozCard/Preview Content\"";
				DEVELOPMENT_TEAM = QZHTVJPM43;
				ENABLE_PREVIEWS = YES;
				INFOPLIST_FILE = AlagozCard/Info.plist;
				LD_RUNPATH_SEARCH_PATHS = (
					"$(inherited)",
					"@executable_path/Frameworks",
				);
				PRODUCT_BUNDLE_IDENTIFIER = alagozsoftware.AlagozCard;
				PRODUCT_NAME = "$(TARGET_NAME)";
				SWIFT_VERSION = 5.0;
				TARGETED_DEVICE_FAMILY = "1,2";
			};
			name = Release;
		};
/* End XCBuildConfiguration section */

/* Begin XCConfigurationList section */
		FB15F26D234FCAF0002F1BE3 /* Build configuration list for PBXProject "AlagozCard" */ = {
			isa = XCConfigurationList;
			buildConfigurations = (
				FB15F284234FCAF1002F1BE3 /* Debug */,
				FB15F285234FCAF1002F1BE3 /* Release */,
			);
			defaultConfigurationIsVisible = 0;
			defaultConfigurationName = Release;
		};
		FB15F286234FCAF1002F1BE3 /* Build configuration list for PBXNativeTarget "AlagozCard" */ = {
			isa = XCConfigurationList;
			buildConfigurations = (
				FB15F287234FCAF1002F1BE3 /* Debug */,
				FB15F288234FCAF1002F1BE3 /* Release */,
			);
			defaultConfigurationIsVisible = 0;
			defaultConfigurationName = Release;
		};
/* End XCConfigurationList section */
	};
	rootObject = FB15F26A234FCAF0002F1BE3 /* Project object */;
}
